
Microsoft Visual Studio Solution File, Format Version 12.00
# Visual Studio Version 17
VisualStudioVersion = 17.13.35806.99 d17.13
MinimumVisualStudioVersion = 10.0.40219.1
Project("{FAE04EC0-301F-11D3-BF4B-00C04F79EFBC}") = "landbouwgewassen I", "landbouwgewassen I\landbouwgewassen I.csproj", "{FE504B1D-39B5-44B5-8CCD-E1E1AA4EC091}"
EndProject
Global
	GlobalSection(SolutionConfigurationPlatforms) = preSolution
		Debug|Any CPU = Debug|Any CPU
		Release|Any CPU = Release|Any CPU
	EndGlobalSection
	GlobalSection(ProjectConfigurationPlatforms) = postSolution
		{FE504B1D-39B5-44B5-8CCD-E1E1AA4EC091}.Debug|Any CPU.ActiveCfg = Debug|Any CPU
		{FE504B1D-39B5-44B5-8CCD-E1E1AA4EC091}.Debug|Any CPU.Build.0 = Debug|Any CPU
		{FE504B1D-39B5-44B5-8CCD-E1E1AA4EC091}.Release|Any CPU.ActiveCfg = Release|Any CPU
		{FE504B1D-39B5-44B5-8CCD-E1E1AA4EC091}.Release|Any CPU.Build.0 = Release|Any CPU
	EndGlobalSection
	GlobalSection(SolutionProperties) = preSolution
		HideSolutionNode = FALSE
	EndGlobalSection
	GlobalSection(ExtensibilityGlobals) = postSolution
		SolutionGuid = {FF23857D-F9C5-4938-A14B-947AB9F42746}
	EndGlobalSection
EndGlobal
